
Microsoft Visual Studio Solution File, Format Version 12.00
# Visual Studio Version 16
VisualStudioVersion = 16.0.31025.194
MinimumVisualStudioVersion = 10.0.40219.1
Project("{9A19103F-16F7-4668-BE54-9A1E7A4F7556}") = "QueueWatch", "QueueWatch.csproj", "{827156E4-C770-47ED-A99F-7C1F97D87413}"
EndProject
Global
	GlobalSection(SolutionConfigurationPlatforms) = preSolution
		Debug|Any CPU = Debug|Any CPU
		Release|Any CPU = Release|Any CPU
	EndGlobalSection
	GlobalSection(ProjectConfigurationPlatforms) = postSolution
		{827156E4-C770-47ED-A99F-7C1F97D87413}.Debug|Any CPU.ActiveCfg = Debug|Any CPU
		{827156E4-C770-47ED-A99F-7C1F97D87413}.Debug|Any CPU.Build.0 = Debug|Any CPU
		{827156E4-C770-47ED-A99F-7C1F97D87413}.Release|Any CPU.ActiveCfg = Release|Any CPU
		{827156E4-C770-47ED-A99F-7C1F97D87413}.Release|Any CPU.Build.0 = Release|Any CPU
	EndGlobalSection
	GlobalSection(SolutionProperties) = preSolution
		HideSolutionNode = FALSE
	EndGlobalSection
	GlobalSection(ExtensibilityGlobals) = postSolution
		SolutionGuid = {587EE8D3-124D-49FF-A8CF-A201B2035E89}
	EndGlobalSection
EndGlobal
